<?xml version="1.0" encoding="utf-8"?>
<Project ToolsVersion="4.0" xmlns="http://schemas.microsoft.com/developer/msbuild/2003">
  <ItemGroup>
    <Filter Include="Resource Files">
      <UniqueIdentifier>{67DA6AB6-F800-4c08-8B7A-83BB121AAD01}</UniqueIdentifier>
      <Extensions>rc;ico;cur;bmp;dlg;rc2;rct;bin;rgs;gif;jpg;jpeg;jpe;resx;tiff;tif;png;wav;mfcribbon-ms</Extensions>
    </Filter>
    <Filter Include="D3d">
      <UniqueIdentifier>{624c20c5-0d60-486f-92db-7cd636871aa3}</UniqueIdentifier>
    </Filter>
    <Filter Include="D3d\Header Files">
      <UniqueIdentifier>{d5dd652e-f4a2-4743-842f-94e983aff78c}</UniqueIdentifier>
      <Extensions>h;hh;hpp;hxx;hm;inl;inc;xsd</Extensions>
    </Filter>
    <Filter Include="D3d\Source Files">
      <UniqueIdentifier>{2f2d57af-75bd-4194-a5f8-c10c74e5bdd8}</UniqueIdentifier>
      <Extensions>cpp;c;cc;cxx;def;odl;idl;hpj;bat;asm;asmx</Extensions>
    </Filter>
    <Filter Include="Global">
      <UniqueIdentifier>{d617ac89-de61-4c6d-99b6-d88c2cf8d952}</UniqueIdentifier>
    </Filter>
    <Filter Include="Global\Header Files">
      <UniqueIdentifier>{7eb6c645-0a99-44a0-855a-e6262769d751}</UniqueIdentifier>
      <Extensions>h;hh;hpp;hxx;hm;inl;inc;xsd</Extensions>
    </Filter>
    <Filter Include="Global\Source Files">
      <UniqueIdentifier>{5cd1c1be-32e4-493d-8bd7-e28d86e83ee0}</UniqueIdentifier>
      <Extensions>cpp;c;cc;cxx;def;odl;idl;hpj;bat;asm;asmx</Extensions>
    </Filter>
    <Filter Include="Standalone">
      <UniqueIdentifier>{d53ec814-7472-4f31-a110-7a80611695d5}</UniqueIdentifier>
    </Filter>
    <Filter Include="Standalone\HeaderFiles">
      <UniqueIdentifier>{a701da25-c387-4fbf-adf7-e951657d7bab}</UniqueIdentifier>
    </Filter>
    <Filter Include="Standalone\Source Files">
      <UniqueIdentifier>{01eb8652-87de-4aa9-9125-eb178f94feae}</UniqueIdentifier>
    </Filter>
    <Filter Include="Messaging">
      <UniqueIdentifier>{0207e21b-1e52-4921-80a8-13abb0e12cf0}</UniqueIdentifier>
    </Filter>
    <Filter Include="Messaging\Header Files">
      <UniqueIdentifier>{ab4a4fa3-bf94-4f09-a439-dac590021095}</UniqueIdentifier>
      <Extensions>h;hh;hpp;hxx;hm;inl;inc;xsd</Extensions>
    </Filter>
    <Filter Include="Messaging\Source Files">
      <UniqueIdentifier>{41d6f3f1-29cd-4e56-8ef8-8d4306eaf7bc}</UniqueIdentifier>
      <Extensions>cpp;c;cc;cxx;def;odl;idl;hpj;bat;asm;asmx</Extensions>
    </Filter>
  </ItemGroup>
  <ItemGroup>
    <ClInclude Include="D3d\Camera.h">
      <Filter>D3d\Header Files</Filter>
    </ClInclude>
    <ClInclude Include="D3d\Initialization.h">
      <Filter>D3d\Header Files</Filter>
    </ClInclude>
    <ClInclude Include="D3d\Material.h">
      <Filter>D3d\Header Files</Filter>
    </ClInclude>
    <ClInclude Include="D3d\MaterialParams.h">
      <Filter>D3d\Header Files</Filter>
    </ClInclude>
    <ClInclude Include="D3d\MeshPrimitive.h">
      <Filter>D3d\Header Files</Filter>
    </ClInclude>
    <ClInclude Include="D3d\MessageProcessor.h">
      <Filter>D3d\Header Files</Filter>
    </ClInclude>
    <ClInclude Include="D3d\Renderer.h">
      <Filter>D3d\Header Files</Filter>
    </ClInclude>
    <ClInclude Include="D3d\SceneNode.h">
      <Filter>D3d\Header Files</Filter>
    </ClInclude>
    <ClInclude Include="D3d\Texture.h">
      <Filter>D3d\Header Files</Filter>
    </ClInclude>
    <ClInclude Include="D3d\TextureLightingObj.h">
      <Filter>D3d\Header Files</Filter>
    </ClInclude>
    <ClInclude Include="D3d\Timer.h">
      <Filter>D3d\Header Files</Filter>
    </ClInclude>
    <ClInclude Include="Global\Defines.h">
      <Filter>Global\Header Files</Filter>
    </ClInclude>
    <ClInclude Include="Global\Globals.h">
      <Filter>Global\Header Files</Filter>
    </ClInclude>
    <ClInclude Include="Global\Vec.h">
      <Filter>Global\Header Files</Filter>
    </ClInclude>
    <ClInclude Include="Global\VecFuncs.h">
      <Filter>Global\Header Files</Filter>
    </ClInclude>
    <ClInclude Include="Global\ModuleInfo.h">
      <Filter>Global\Header Files</Filter>
    </ClInclude>
    <ClInclude Include="Standalone\ErrorMsg.h">
      <Filter>Global\Header Files</Filter>
    </ClInclude>
    <ClInclude Include="Messages\DataQueue.h">
      <Filter>Messaging\Header Files</Filter>
    </ClInclude>
    <ClInclude Include="Messages\DirectXCommands.h">
      <Filter>Messaging\Header Files</Filter>
    </ClInclude>
    <ClInclude Include="Messages\Image.h">
      <Filter>Messaging\Header Files</Filter>
    </ClInclude>
    <ClInclude Include="Messages\MessageQueue.h">
      <Filter>Messaging\Header Files</Filter>
    </ClInclude>
    <ClInclude Include="Messages\QueuePolygon.h">
      <Filter>Messaging\Header Files</Filter>
    </ClInclude>
    <ClInclude Include="Messages\Threads.h">
      <Filter>Messaging\Header Files</Filter>
    </ClInclude>
    <ClInclude Include="Messages\TransferObj.h">
      <Filter>Messaging\Header Files</Filter>
    </ClInclude>
    <ClInclude Include="Messages\LoadData.h">
      <Filter>Messaging\Header Files</Filter>
    </ClInclude>
    <ClInclude Include="Global\WidgetData.h">
      <Filter>Global\Header Files</Filter>
    </ClInclude>
  </ItemGroup>
  <ItemGroup>
    <ClCompile Include="D3d\Camera.cpp">
      <Filter>D3d\Source Files</Filter>
    </ClCompile>
    <ClCompile Include="D3d\Initialization.cpp">
      <Filter>D3d\Source Files</Filter>
    </ClCompile>
    <ClCompile Include="D3d\Material.cpp">
      <Filter>D3d\Source Files</Filter>
    </ClCompile>
    <ClCompile Include="D3d\MaterialParams.cpp">
      <Filter>D3d\Source Files</Filter>
    </ClCompile>
    <ClCompile Include="D3d\MeshPrimitive.cpp">
      <Filter>D3d\Source Files</Filter>
    </ClCompile>
    <ClCompile Include="D3d\MessageProcessor.cpp">
      <Filter>D3d\Source Files</Filter>
    </ClCompile>
    <ClCompile Include="D3d\Renderer.cpp">
      <Filter>D3d\Source Files</Filter>
    </ClCompile>
    <ClCompile Include="D3d\SceneNode.cpp">
      <Filter>D3d\Source Files</Filter>
    </ClCompile>
    <ClCompile Include="D3d\Texture.cpp">
      <Filter>D3d\Source Files</Filter>
    </ClCompile>
    <ClCompile Include="D3d\TextureLightingObj.cpp">
      <Filter>D3d\Source Files</Filter>
    </ClCompile>
    <ClCompile Include="Global\ModuleInfo.cpp">
      <Filter>Global\Source Files</Filter>
    </ClCompile>
    <ClCompile Include="Messages\MessageQueue.cpp">
      <Filter>Messaging\Source Files</Filter>
    </ClCompile>
    <ClCompile Include="Messages\MexErrorMsg.cpp">
      <Filter>Messaging\Source Files</Filter>
    </ClCompile>
    <ClCompile Include="Messages\LoadData.cpp">
      <Filter>Messaging\Source Files</Filter>
    </ClCompile>
    <ClCompile Include="Messages\ViewerGlobals.cpp">
      <Filter>Messaging\Source Files</Filter>
    </ClCompile>
    <ClCompile Include="Messages\DataQueue.cpp">
      <Filter>Messaging\Source Files</Filter>
    </ClCompile>
    <ClCompile Include="Messages\Update.cpp">
      <Filter>Messaging\Source Files</Filter>
    </ClCompile>
    <ClCompile Include="Messages\DirectXCommands.cpp">
      <Filter>Messaging\Source Files</Filter>
    </ClCompile>
    <ClCompile Include="Messages\Image.cpp">
      <Filter>Messaging\Source Files</Filter>
    </ClCompile>
    <ClCompile Include="Messages\TransferObj.cpp">
      <Filter>Messaging\Source Files</Filter>
    </ClCompile>
    <ClCompile Include="Messages\QueuePolygon.cpp">
      <Filter>Messaging\Source Files</Filter>
    </ClCompile>
    <ClCompile Include="Standalone\Standalone.cpp">
      <Filter>Standalone\Source Files</Filter>
    </ClCompile>
    <ClCompile Include="Global\WidgetData.cpp">
      <Filter>Global\Source Files</Filter>
    </ClCompile>
  </ItemGroup>
</Project>