<?xml version="1.0" encoding="utf-8"?>
<Project ToolsVersion="4.0" xmlns="http://schemas.microsoft.com/developer/msbuild/2003">
  <ItemGroup>
    <Filter Include="Messaging">
      <UniqueIdentifier>{dbb14397-8c4d-49be-aa3e-aad0d56776cf}</UniqueIdentifier>
    </Filter>
    <Filter Include="Mex">
      <UniqueIdentifier>{6c04b402-61c5-4a9a-b725-4c248bd692db}</UniqueIdentifier>
    </Filter>
    <Filter Include="Mex\Header Files">
      <UniqueIdentifier>{1072da18-ef72-44c7-8644-a11e9196409f}</UniqueIdentifier>
      <Extensions>h;hh;hpp;hxx;hm;inl;inc;xsd</Extensions>
    </Filter>
    <Filter Include="Mex\Source Files">
      <UniqueIdentifier>{2b3c6fe8-cb8d-46cf-8d88-a49dfb5e1698}</UniqueIdentifier>
      <Extensions>cpp;c;cc;cxx;def;odl;idl;hpj;bat;asm;asmx</Extensions>
    </Filter>
    <Filter Include="Messaging\Header Files">
      <UniqueIdentifier>{b6cdbff3-d2cd-4166-b326-6f78b898d339}</UniqueIdentifier>
      <Extensions>h;hh;hpp;hxx;hm;inl;inc;xsd</Extensions>
    </Filter>
    <Filter Include="Messaging\Source Files">
      <UniqueIdentifier>{f10b453f-eb50-4460-b210-c2bbc743e714}</UniqueIdentifier>
      <Extensions>cpp;c;cc;cxx;def;odl;idl;hpj;bat;asm;asmx</Extensions>
    </Filter>
  </ItemGroup>
  <ItemGroup>
    <ClCompile Include="Mex\Widget.cpp">
      <Filter>Mex\Source Files</Filter>
    </ClCompile>
    <ClCompile Include="Mex\MexCommand.cpp">
      <Filter>Mex\Source Files</Filter>
    </ClCompile>
    <ClCompile Include="Mex\MexInit.cpp">
      <Filter>Mex\Source Files</Filter>
    </ClCompile>
    <ClCompile Include="Mex\Viewer.cpp">
      <Filter>Mex\Source Files</Filter>
    </ClCompile>
    <ClCompile Include="Mex\MexPoll.cpp">
      <Filter>Mex\Source Files</Filter>
    </ClCompile>
    <ClCompile Include="Mex\MexAddPolygons.cpp">
      <Filter>Mex\Source Files</Filter>
    </ClCompile>
    <ClCompile Include="Mex\MexCaptureSpinMovie.cpp">
      <Filter>Mex\Source Files</Filter>
    </ClCompile>
    <ClCompile Include="Mex\MexClose.cpp">
      <Filter>Mex\Source Files</Filter>
    </ClCompile>
    <ClCompile Include="Mex\MexDeleteAllPolygons.cpp">
      <Filter>Mex\Source Files</Filter>
    </ClCompile>
    <ClCompile Include="Mex\MexLoadTexture.cpp">
      <Filter>Mex\Source Files</Filter>
    </ClCompile>
    <ClCompile Include="Mex\MexPlay.cpp">
      <Filter>Mex\Source Files</Filter>
    </ClCompile>
    <ClCompile Include="Mex\MexReleaseControl.cpp">
      <Filter>Mex\Source Files</Filter>
    </ClCompile>
    <ClCompile Include="Mex\MexRemovePolygon.cpp">
      <Filter>Mex\Source Files</Filter>
    </ClCompile>
    <ClCompile Include="Mex\MexResetView.cpp">
      <Filter>Mex\Source Files</Filter>
    </ClCompile>
    <ClCompile Include="Mex\MexSetBackColor.cpp">
      <Filter>Mex\Source Files</Filter>
    </ClCompile>
    <ClCompile Include="Mex\MexSetCapturePath.cpp">
      <Filter>Mex\Source Files</Filter>
    </ClCompile>
    <ClCompile Include="Mex\MexSetFrame.cpp">
      <Filter>Mex\Source Files</Filter>
    </ClCompile>
    <ClCompile Include="Mex\MexSetViewOrigin.cpp">
      <Filter>Mex\Source Files</Filter>
    </ClCompile>
    <ClCompile Include="Mex\MexShowLabels.cpp">
      <Filter>Mex\Source Files</Filter>
    </ClCompile>
    <ClCompile Include="Mex\MexTakeControl.cpp">
      <Filter>Mex\Source Files</Filter>
    </ClCompile>
    <ClCompile Include="Mex\MexPolygonLighting.cpp">
      <Filter>Mex\Source Files</Filter>
    </ClCompile>
    <ClCompile Include="Mex\MexTextureAttenuation.cpp">
      <Filter>Mex\Source Files</Filter>
    </ClCompile>
    <ClCompile Include="Mex\MexTextureLighting.cpp">
      <Filter>Mex\Source Files</Filter>
    </ClCompile>
    <ClCompile Include="Mex\MexTransferFunction.cpp">
      <Filter>Mex\Source Files</Filter>
    </ClCompile>
    <ClCompile Include="Mex\MexShowTexture.cpp">
      <Filter>Mex\Source Files</Filter>
    </ClCompile>
    <ClCompile Include="Mex\MexToggleWireframe.cpp">
      <Filter>Mex\Source Files</Filter>
    </ClCompile>
    <ClCompile Include="Mex\MexSetWindowSize.cpp">
      <Filter>Mex\Source Files</Filter>
    </ClCompile>
    <ClCompile Include="Mex\MexShowAllPolygons.cpp">
      <Filter>Mex\Source Files</Filter>
    </ClCompile>
    <ClCompile Include="Mex\MexShowPolygonList.cpp">
      <Filter>Mex\Source Files</Filter>
    </ClCompile>
    <ClCompile Include="Mex\MexCaptureWindow.cpp">
      <Filter>Mex\Source Files</Filter>
    </ClCompile>
    <ClCompile Include="Mex\MexShowWidget.cpp">
      <Filter>Mex\Source Files</Filter>
    </ClCompile>
    <ClCompile Include="Mex\MexShowScaleBar.cpp">
      <Filter>Mex\Source Files</Filter>
    </ClCompile>
    <ClCompile Include="Mex\MexShowFrameNumber.cpp">
      <Filter>Mex\Source Files</Filter>
    </ClCompile>
    <ClCompile Include="Mex\MexSetViewRotation.cpp">
      <Filter>Mex\Source Files</Filter>
    </ClCompile>
    <ClCompile Include="Mex\MexSetWorldRotation.cpp">
      <Filter>Mex\Source Files</Filter>
    </ClCompile>
    <ClCompile Include="Messages\Threads.cpp">
      <Filter>Messaging\Source Files</Filter>
    </ClCompile>
    <ClCompile Include="Mex\MexSpin.cpp">
      <Filter>Mex\Source Files</Filter>
    </ClCompile>
    <ClCompile Include="Mex\MexSetBorderColor.cpp">
      <Filter>Mex\Source Files</Filter>
    </ClCompile>
    <ClCompile Include="Mex\MexMoveCamera.cpp">
      <Filter>Mex\Source Files</Filter>
    </ClCompile>
  </ItemGroup>
  <ItemGroup>
    <ClInclude Include="Mex\MexCommand.h">
      <Filter>Mex\Header Files</Filter>
    </ClInclude>
    <ClInclude Include="Mex\CommandList.h">
      <Filter>Mex\Header Files</Filter>
    </ClInclude>
    <ClInclude Include="Mex\MexGlobals.h">
      <Filter>Mex\Header Files</Filter>
    </ClInclude>
    <ClInclude Include="Mex\Widget.h">
      <Filter>Mex\Header Files</Filter>
    </ClInclude>
    <ClInclude Include="Messages\Threads.h">
      <Filter>Messaging\Header Files</Filter>
    </ClInclude>
  </ItemGroup>
</Project>